
Microsoft Visual Studio Solution File, Format Version 12.00
# Visual Studio Version 17
VisualStudioVersion = 17.0.32014.148
MinimumVisualStudioVersion = 10.0.40219.1
Project("{FAE04EC0-301F-11D3-BF4B-00C04F79EFBC}") = "WebApplication1", "WebApplication1\WebApplication1.csproj", "{C937E637-4DAB-4142-B524-69A0EF96401F}"
EndProject
Global
	GlobalSection(SolutionConfigurationPlatforms) = preSolution
		Debug|Any CPU = Debug|Any CPU
		Release|Any CPU = Release|Any CPU
	EndGlobalSection
	GlobalSection(ProjectConfigurationPlatforms) = postSolution
		{C937E637-4DAB-4142-B524-69A0EF96401F}.Debug|Any CPU.ActiveCfg = Debug|Any CPU
		{C937E637-4DAB-4142-B524-69A0EF96401F}.Debug|Any CPU.Build.0 = Debug|Any CPU
		{C937E637-4DAB-4142-B524-69A0EF96401F}.Release|Any CPU.ActiveCfg = Release|Any CPU
		{C937E637-4DAB-4142-B524-69A0EF96401F}.Release|Any CPU.Build.0 = Release|Any CPU
	EndGlobalSection
	GlobalSection(SolutionProperties) = preSolution
		HideSolutionNode = FALSE
	EndGlobalSection
	GlobalSection(ExtensibilityGlobals) = postSolution
		SolutionGuid = {FE5D0047-CE11-45B6-935F-651CB2D8EBFC}
	EndGlobalSection
EndGlobal
